// !$*UTF8*$!
{
	archiveVersion = 1;
	classes = {
	};
	objectVersion = 51;
	objects = {

/* Begin PBXBuildFile section */
		0C0B04F9235F0B3E00016ACD /* ChistosoCF-Bold.otf in Resources */ = {isa = PBXBuildFile; fileRef = 0C0B04F8235F0B3E00016ACD /* ChistosoCF-Bold.otf */; };
		0C0B04FB235F0B6D00016ACD /* Spirax-Regular.ttf in Resources */ = {isa = PBXBuildFile; fileRef = 0C0B04FA235F0B6D00016ACD /* Spirax-Regular.ttf */; };
		0C1330FE2451677D00A955C1 /* Assets.xcassets in Resources */ = {isa = PBXBuildFile; fileRef = 0C1330FD2451677D00A955C1 /* Assets.xcassets */; };
		0C672DAB233D35FB00886EED /* CollectionViewCell.swift in Sources */ = {isa = PBXBuildFile; fileRef = 0C672DA9233D35FB00886EED /* CollectionViewCell.swift */; };
		0C672DAC233D35FB00886EED /* CollectionViewCell.xib in Resources */ = {isa = PBXBuildFile; fileRef = 0C672DAA233D35FB00886EED /* CollectionViewCell.xib */; };
		0C672DAE233D38F700886EED /* PatternViewController.swift in Sources */ = {isa = PBXBuildFile; fileRef = 0C672DAD233D38F700886EED /* PatternViewController.swift */; };
		0C6CE75C258DFFC40045C60F /* AdmobManager.swift in Sources */ = {isa = PBXBuildFile; fileRef = 0C6CE75B258DFFC40045C60F /* AdmobManager.swift */; };
		0C75FBEC23414723006CC590 /* InfoPlist.strings in Resources */ = {isa = PBXBuildFile; fileRef = 0C75FBEE23414723006CC590 /* InfoPlist.strings */; };
		0C75FBF223414C91006CC590 /* BPdotsDiamondBold.otf in Resources */ = {isa = PBXBuildFile; fileRef = 0C75FBF123414C91006CC590 /* BPdotsDiamondBold.otf */; };
		0C7A7E21233921F100D56B37 /* Settings.bundle in Resources */ = {isa = PBXBuildFile; fileRef = 0C7A7E20233921F100D56B37 /* Settings.bundle */; };
		0CC9500F23176EB4002E3D01 /* AppDelegate.swift in Sources */ = {isa = PBXBuildFile; fileRef = 0CC9500E23176EB4002E3D01 /* AppDelegate.swift */; };
		0CC9501323176EB4002E3D01 /* SecondViewController.swift in Sources */ = {isa = PBXBuildFile; fileRef = 0CC9501223176EB4002E3D01 /* SecondViewController.swift */; };
		0CC9501623176EB4002E3D01 /* Main.storyboard in Resources */ = {isa = PBXBuildFile; fileRef = 0CC9501423176EB4002E3D01 /* Main.storyboard */; };
		0CC9501B23176EB5002E3D01 /* LaunchScreen.storyboard in Resources */ = {isa = PBXBuildFile; fileRef = 0CC9501923176EB5002E3D01 /* LaunchScreen.storyboard */; };
		0CD2519D256CA4BC00EFA7C7 /* FirstViewController.swift in Sources */ = {isa = PBXBuildFile; fileRef = 0CD2519C256CA4BC00EFA7C7 /* FirstViewController.swift */; };
		0CE538AD24358CC00007EDCC /* ListViewController.swift in Sources */ = {isa = PBXBuildFile; fileRef = 0CE538AC24358CC00007EDCC /* ListViewController.swift */; };
		0CEA5A6B23411C7000CFDC2F /* Localizable.strings in Resources */ = {isa = PBXBuildFile; fileRef = 0CEA5A6D23411C7000CFDC2F /* Localizable.strings */; };
		0CF762AE25956490001EB60E /* FVStackViewManager.swift in Sources */ = {isa = PBXBuildFile; fileRef = 0CF762AD25956490001EB60E /* FVStackViewManager.swift */; };
		BB514CB3D2B6E95802E2FA07 /* Pods_calculator.framework in Frameworks */ = {isa = PBXBuildFile; fileRef = 02520997871F16640A3607B5 /* Pods_calculator.framework */; };
/* End PBXBuildFile section */

/* Begin PBXFileReference section */
		02520997871F16640A3607B5 /* Pods_calculator.framework */ = {isa = PBXFileReference; explicitFileType = wrapper.framework; includeInIndex = 0; path = Pods_calculator.framework; sourceTree = BUILT_PRODUCTS_DIR; };
		03439A099757E567A01B4788 /* Pods-calculator.release.xcconfig */ = {isa = PBXFileReference; includeInIndex = 1; lastKnownFileType = text.xcconfig; name = "Pods-calculator.release.xcconfig"; path = "Target Support Files/Pods-calculator/Pods-calculator.release.xcconfig"; sourceTree = "<group>"; };
		0C0B04F8235F0B3E00016ACD /* ChistosoCF-Bold.otf */ = {isa = PBXFileReference; lastKnownFileType = file; path = "ChistosoCF-Bold.otf"; sourceTree = "<group>"; };
		0C0B04FA235F0B6D00016ACD /* Spirax-Regular.ttf */ = {isa = PBXFileReference; lastKnownFileType = file; path = "Spirax-Regular.ttf"; sourceTree = "<group>"; };
		0C1330FD2451677D00A955C1 /* Assets.xcassets */ = {isa = PBXFileReference; lastKnownFileType = folder.assetcatalog; path = Assets.xcassets; sourceTree = "<group>"; };
		0C672DA9233D35FB00886EED /* CollectionViewCell.swift */ = {isa = PBXFileReference; lastKnownFileType = sourcecode.swift; path = CollectionViewCell.swift; sourceTree = "<group>"; };
		0C672DAA233D35FB00886EED /* CollectionViewCell.xib */ = {isa = PBXFileReference; lastKnownFileType = file.xib; path = CollectionViewCell.xib; sourceTree = "<group>"; };
		0C672DAD233D38F700886EED /* PatternViewController.swift */ = {isa = PBXFileReference; lastKnownFileType = sourcecode.swift; path = PatternViewController.swift; sourceTree = "<group>"; };
		0C6CE75B258DFFC40045C60F /* AdmobManager.swift */ = {isa = PBXFileReference; lastKnownFileType = sourcecode.swift; path = AdmobManager.swift; sourceTree = "<group>"; };
		0C75FBED23414723006CC590 /* ja */ = {isa = PBXFileReference; lastKnownFileType = text.plist.strings; name = ja; path = ja.lproj/InfoPlist.strings; sourceTree = "<group>"; };
		0C75FBF123414C91006CC590 /* BPdotsDiamondBold.otf */ = {isa = PBXFileReference; lastKnownFileType = file; path = BPdotsDiamondBold.otf; sourceTree = "<group>"; };
		0C7A7E20233921F100D56B37 /* Settings.bundle */ = {isa = PBXFileReference; lastKnownFileType = "wrapper.plug-in"; path = Settings.bundle; sourceTree = "<group>"; };
		0CC9500B23176EB4002E3D01 /* calculator.app */ = {isa = PBXFileReference; explicitFileType = wrapper.application; includeInIndex = 0; path = calculator.app; sourceTree = BUILT_PRODUCTS_DIR; };
		0CC9500E23176EB4002E3D01 /* AppDelegate.swift */ = {isa = PBXFileReference; lastKnownFileType = sourcecode.swift; path = AppDelegate.swift; sourceTree = "<group>"; };
		0CC9501223176EB4002E3D01 /* SecondViewController.swift */ = {isa = PBXFileReference; lastKnownFileType = sourcecode.swift; path = SecondViewController.swift; sourceTree = "<group>"; };
		0CC9501523176EB4002E3D01 /* Base */ = {isa = PBXFileReference; lastKnownFileType = file.storyboard; name = Base; path = Base.lproj/Main.storyboard; sourceTree = "<group>"; };
		0CC9501A23176EB5002E3D01 /* Base */ = {isa = PBXFileReference; lastKnownFileType = file.storyboard; name = Base; path = Base.lproj/LaunchScreen.storyboard; sourceTree = "<group>"; };
		0CC9501C23176EB5002E3D01 /* Info.plist */ = {isa = PBXFileReference; lastKnownFileType = text.plist.xml; path = Info.plist; sourceTree = "<group>"; };
		0CD2519C256CA4BC00EFA7C7 /* FirstViewController.swift */ = {isa = PBXFileReference; lastKnownFileType = sourcecode.swift; path = FirstViewController.swift; sourceTree = "<group>"; };
		0CE538AC24358CC00007EDCC /* ListViewController.swift */ = {isa = PBXFileReference; lastKnownFileType = sourcecode.swift; path = ListViewController.swift; sourceTree = "<group>"; };
		0CEA5A5E234118C900CFDC2F /* ja */ = {isa = PBXFileReference; lastKnownFileType = text.plist.strings; name = ja; path = ja.lproj/Main.strings; sourceTree = "<group>"; };
		0CEA5A6C23411C7000CFDC2F /* ja */ = {isa = PBXFileReference; lastKnownFileType = text.plist.strings; name = ja; path = ja.lproj/Localizable.strings; sourceTree = "<group>"; };
		0CF762AD25956490001EB60E /* FVStackViewManager.swift */ = {isa = PBXFileReference; lastKnownFileType = sourcecode.swift; path = FVStackViewManager.swift; sourceTree = "<group>"; };
		57790F7F772B5AEEB2A0418D /* Pods-calculator.debug.xcconfig */ = {isa = PBXFileReference; includeInIndex = 1; lastKnownFileType = text.xcconfig; name = "Pods-calculator.debug.xcconfig"; path = "Target Support Files/Pods-calculator/Pods-calculator.debug.xcconfig"; sourceTree = "<group>"; };
/* End PBXFileReference section */

/* Begin PBXFrameworksBuildPhase section */
		0CC9500823176EB4002E3D01 /* Frameworks */ = {
			isa = PBXFrameworksBuildPhase;
			buildActionMask = 2147483647;
			files = (
				BB514CB3D2B6E95802E2FA07 /* Pods_calculator.framework in Frameworks */,
			);
			runOnlyForDeploymentPostprocessing = 0;
		};
/* End PBXFrameworksBuildPhase section */

/* Begin PBXGroup section */
		0CC9500223176EB4002E3D01 = {
			isa = PBXGroup;
			children = (
				0CEA5A6D23411C7000CFDC2F /* Localizable.strings */,
				0CC9500D23176EB4002E3D01 /* calculator */,
				0CC9500C23176EB4002E3D01 /* Products */,
				87B6593BE6D47645861370A2 /* Pods */,
				B1F2E2F3FE30587F51F4FDE4 /* Frameworks */,
			);
			sourceTree = "<group>";
		};
		0CC9500C23176EB4002E3D01 /* Products */ = {
			isa = PBXGroup;
			children = (
				0CC9500B23176EB4002E3D01 /* calculator.app */,
			);
			name = Products;
			sourceTree = "<group>";
		};
		0CC9500D23176EB4002E3D01 /* calculator */ = {
			isa = PBXGroup;
			children = (
				0C75FBF123414C91006CC590 /* BPdotsDiamondBold.otf */,
				0C0B04FA235F0B6D00016ACD /* Spirax-Regular.ttf */,
				0C0B04F8235F0B3E00016ACD /* ChistosoCF-Bold.otf */,
				0CC9500E23176EB4002E3D01 /* AppDelegate.swift */,
				0CC9501423176EB4002E3D01 /* Main.storyboard */,
				0CF762AD25956490001EB60E /* FVStackViewManager.swift */,
				0C6CE75B258DFFC40045C60F /* AdmobManager.swift */,
				0CD2519C256CA4BC00EFA7C7 /* FirstViewController.swift */,
				0CC9501223176EB4002E3D01 /* SecondViewController.swift */,
				0C672DAD233D38F700886EED /* PatternViewController.swift */,
				0CE538AC24358CC00007EDCC /* ListViewController.swift */,
				0C672DA9233D35FB00886EED /* CollectionViewCell.swift */,
				0C672DAA233D35FB00886EED /* CollectionViewCell.xib */,
				0CC9501923176EB5002E3D01 /* LaunchScreen.storyboard */,
				0C1330FD2451677D00A955C1 /* Assets.xcassets */,
				0CC9501C23176EB5002E3D01 /* Info.plist */,
				0C75FBEE23414723006CC590 /* InfoPlist.strings */,
				0C7A7E20233921F100D56B37 /* Settings.bundle */,
			);
			path = calculator;
			sourceTree = "<group>";
		};
		87B6593BE6D47645861370A2 /* Pods */ = {
			isa = PBXGroup;
			children = (
				57790F7F772B5AEEB2A0418D /* Pods-calculator.debug.xcconfig */,
				03439A099757E567A01B4788 /* Pods-calculator.release.xcconfig */,
			);
			path = Pods;
			sourceTree = "<group>";
		};
		B1F2E2F3FE30587F51F4FDE4 /* Frameworks */ = {
			isa = PBXGroup;
			children = (
				02520997871F16640A3607B5 /* Pods_calculator.framework */,
			);
			name = Frameworks;
			sourceTree = "<group>";
		};
/* End PBXGroup section */

/* Begin PBXNativeTarget section */
		0CC9500A23176EB4002E3D01 /* calculator */ = {
			isa = PBXNativeTarget;
			buildConfigurationList = 0CC9501F23176EB5002E3D01 /* Build configuration list for PBXNativeTarget "calculator" */;
			buildPhases = (
				BE02DB0FA712C8364546ECA0 /* [CP] Check Pods Manifest.lock */,
				0CC9500723176EB4002E3D01 /* Sources */,
				0CC9500823176EB4002E3D01 /* Frameworks */,
				0CC9500923176EB4002E3D01 /* Resources */,
				50F10A8E9DED38400ED538D7 /* [CP] Embed Pods Frameworks */,
				0C7A7E1D23391ECE00D56B37 /* ShellScript */,
			);
			buildRules = (
			);
			dependencies = (
			);
			name = calculator;
			productName = calculator;
			productReference = 0CC9500B23176EB4002E3D01 /* calculator.app */;
			productType = "com.apple.product-type.application";
		};
/* End PBXNativeTarget section */

/* Begin PBXProject section */
		0CC9500323176EB4002E3D01 /* Project object */ = {
			isa = PBXProject;
			attributes = {
				LastSwiftUpdateCheck = 1030;
				LastUpgradeCheck = 1220;
				ORGANIZATIONNAME = AnnApp;
				TargetAttributes = {
					0CC9500A23176EB4002E3D01 = {
						CreatedOnToolsVersion = 10.3;
					};
				};
			};
			buildConfigurationList = 0CC9500623176EB4002E3D01 /* Build configuration list for PBXProject "Calculator" */;
			compatibilityVersion = "Xcode 9.3";
			developmentRegion = en;
			hasScannedForEncodings = 0;
			knownRegions = (
				en,
				Base,
				ja,
			);
			mainGroup = 0CC9500223176EB4002E3D01;
			productRefGroup = 0CC9500C23176EB4002E3D01 /* Products */;
			projectDirPath = "";
			projectRoot = "";
			targets = (
				0CC9500A23176EB4002E3D01 /* calculator */,
			);
		};
/* End PBXProject section */

/* Begin PBXResourcesBuildPhase section */
		0CC9500923176EB4002E3D01 /* Resources */ = {
			isa = PBXResourcesBuildPhase;
			buildActionMask = 2147483647;
			files = (
				0CC9501B23176EB5002E3D01 /* LaunchScreen.storyboard in Resources */,
				0C75FBEC23414723006CC590 /* InfoPlist.strings in Resources */,
				0C0B04F9235F0B3E00016ACD /* ChistosoCF-Bold.otf in Resources */,
				0C7A7E21233921F100D56B37 /* Settings.bundle in Resources */,
				0C1330FE2451677D00A955C1 /* Assets.xcassets in Resources */,
				0C672DAC233D35FB00886EED /* CollectionViewCell.xib in Resources */,
				0CEA5A6B23411C7000CFDC2F /* Localizable.strings in Resources */,
				0C0B04FB235F0B6D00016ACD /* Spirax-Regular.ttf in Resources */,
				0C75FBF223414C91006CC590 /* BPdotsDiamondBold.otf in Resources */,
				0CC9501623176EB4002E3D01 /* Main.storyboard in Resources */,
			);
			runOnlyForDeploymentPostprocessing = 0;
		};
/* End PBXResourcesBuildPhase section */

/* Begin PBXShellScriptBuildPhase section */
		0C7A7E1D23391ECE00D56B37 /* ShellScript */ = {
			isa = PBXShellScriptBuildPhase;
			buildActionMask = 2147483647;
			files = (
			);
			inputFileListPaths = (
			);
			inputPaths = (
			);
			outputFileListPaths = (
			);
			outputPaths = (
			);
			runOnlyForDeploymentPostprocessing = 0;
			shellPath = /bin/sh;
			shellScript = "# Type a script or drag a script file from your workspace to insert its path.\nif [ $CONFIGURATION = \"Debug\" ]; then\n${PODS_ROOT}/LicensePlist/license-plist --output-path $PRODUCT_NAME/Settings.bundle\nfi\n";
		};
		50F10A8E9DED38400ED538D7 /* [CP] Embed Pods Frameworks */ = {
			isa = PBXShellScriptBuildPhase;
			buildActionMask = 2147483647;
			files = (
			);
			inputFileListPaths = (
				"${PODS_ROOT}/Target Support Files/Pods-calculator/Pods-calculator-frameworks-${CONFIGURATION}-input-files.xcfilelist",
			);
			name = "[CP] Embed Pods Frameworks";
			outputFileListPaths = (
				"${PODS_ROOT}/Target Support Files/Pods-calculator/Pods-calculator-frameworks-${CONFIGURATION}-output-files.xcfilelist",
			);
			runOnlyForDeploymentPostprocessing = 0;
			shellPath = /bin/sh;
			shellScript = "\"${PODS_ROOT}/Target Support Files/Pods-calculator/Pods-calculator-frameworks.sh\"\n";
			showEnvVarsInLog = 0;
		};
		BE02DB0FA712C8364546ECA0 /* [CP] Check Pods Manifest.lock */ = {
			isa = PBXShellScriptBuildPhase;
			buildActionMask = 2147483647;
			files = (
			);
			inputFileListPaths = (
			);
			inputPaths = (
				"${PODS_PODFILE_DIR_PATH}/Podfile.lock",
				"${PODS_ROOT}/Manifest.lock",
			);
			name = "[CP] Check Pods Manifest.lock";
			outputFileListPaths = (
			);
			outputPaths = (
				"$(DERIVED_FILE_DIR)/Pods-calculator-checkManifestLockResult.txt",
			);
			runOnlyForDeploymentPostprocessing = 0;
			shellPath = /bin/sh;
			shellScript = "diff \"${PODS_PODFILE_DIR_PATH}/Podfile.lock\" \"${PODS_ROOT}/Manifest.lock\" > /dev/null\nif [ $? != 0 ] ; then\n    # print error to STDERR\n    echo \"error: The sandbox is not in sync with the Podfile.lock. Run 'pod install' or update your CocoaPods installation.\" >&2\n    exit 1\nfi\n# This output is used by Xcode 'outputs' to avoid re-running this script phase.\necho \"SUCCESS\" > \"${SCRIPT_OUTPUT_FILE_0}\"\n";
			showEnvVarsInLog = 0;
		};
/* End PBXShellScriptBuildPhase section */

/* Begin PBXSourcesBuildPhase section */
		0CC9500723176EB4002E3D01 /* Sources */ = {
			isa = PBXSourcesBuildPhase;
			buildActionMask = 2147483647;
			files = (
				0CD2519D256CA4BC00EFA7C7 /* FirstViewController.swift in Sources */,
				0CC9501323176EB4002E3D01 /* SecondViewController.swift in Sources */,
				0C672DAE233D38F700886EED /* PatternViewController.swift in Sources */,
				0CE538AD24358CC00007EDCC /* ListViewController.swift in Sources */,
				0C6CE75C258DFFC40045C60F /* AdmobManager.swift in Sources */,
				0CC9500F23176EB4002E3D01 /* AppDelegate.swift in Sources */,
				0C672DAB233D35FB00886EED /* CollectionViewCell.swift in Sources */,
				0CF762AE25956490001EB60E /* FVStackViewManager.swift in Sources */,
			);
			runOnlyForDeploymentPostprocessing = 0;
		};
/* End PBXSourcesBuildPhase section */

/* Begin PBXVariantGroup section */
		0C75FBEE23414723006CC590 /* InfoPlist.strings */ = {
			isa = PBXVariantGroup;
			children = (
				0C75FBED23414723006CC590 /* ja */,
			);
			name = InfoPlist.strings;
			sourceTree = "<group>";
		};
		0CC9501423176EB4002E3D01 /* Main.storyboard */ = {
			isa = PBXVariantGroup;
			children = (
				0CC9501523176EB4002E3D01 /* Base */,
				0CEA5A5E234118C900CFDC2F /* ja */,
			);
			name = Main.storyboard;
			sourceTree = "<group>";
		};
		0CC9501923176EB5002E3D01 /* LaunchScreen.storyboard */ = {
			isa = PBXVariantGroup;
			children = (
				0CC9501A23176EB5002E3D01 /* Base */,
			);
			name = LaunchScreen.storyboard;
			sourceTree = "<group>";
		};
		0CEA5A6D23411C7000CFDC2F /* Localizable.strings */ = {
			isa = PBXVariantGroup;
			children = (
				0CEA5A6C23411C7000CFDC2F /* ja */,
			);
			name = Localizable.strings;
			sourceTree = "<group>";
		};
/* End PBXVariantGroup section */

/* Begin XCBuildConfiguration section */
		0CC9501D23176EB5002E3D01 /* Debug */ = {
			isa = XCBuildConfiguration;
			buildSettings = {
				ALWAYS_SEARCH_USER_PATHS = NO;
				CLANG_ANALYZER_LOCALIZABILITY_NONLOCALIZED = YES;
				CLANG_ANALYZER_NONNULL = YES;
				CLANG_ANALYZER_NUMBER_OBJECT_CONVERSION = YES_AGGRESSIVE;
				CLANG_CXX_LANGUAGE_STANDARD = "gnu++14";
				CLANG_CXX_LIBRARY = "libc++";
				CLANG_ENABLE_MODULES = YES;
				CLANG_ENABLE_OBJC_ARC = YES;
				CLANG_ENABLE_OBJC_WEAK = YES;
				CLANG_WARN_BLOCK_CAPTURE_AUTORELEASING = YES;
				CLANG_WARN_BOOL_CONVERSION = YES;
				CLANG_WARN_COMMA = YES;
				CLANG_WARN_CONSTANT_CONVERSION = YES;
				CLANG_WARN_DEPRECATED_OBJC_IMPLEMENTATIONS = YES;
				CLANG_WARN_DIRECT_OBJC_ISA_USAGE = YES_ERROR;
				CLANG_WARN_DOCUMENTATION_COMMENTS = YES;
				CLANG_WARN_EMPTY_BODY = YES;
				CLANG_WARN_ENUM_CONVERSION = YES;
				CLANG_WARN_INFINITE_RECURSION = YES;
				CLANG_WARN_INT_CONVERSION = YES;
				CLANG_WARN_NON_LITERAL_NULL_CONVERSION = YES;
				CLANG_WARN_OBJC_IMPLICIT_RETAIN_SELF = YES;
				CLANG_WARN_OBJC_LITERAL_CONVERSION = YES;
				CLANG_WARN_OBJC_ROOT_CLASS = YES_ERROR;
				CLANG_WARN_QUOTED_INCLUDE_IN_FRAMEWORK_HEADER = YES;
				CLANG_WARN_RANGE_LOOP_ANALYSIS = YES;
				CLANG_WARN_STRICT_PROTOTYPES = YES;
				CLANG_WARN_SUSPICIOUS_MOVE = YES;
				CLANG_WARN_UNGUARDED_AVAILABILITY = YES_AGGRESSIVE;
				CLANG_WARN_UNREACHABLE_CODE = YES;
				CLANG_WARN__DUPLICATE_METHOD_MATCH = YES;
				CODE_SIGN_IDENTITY = "iPhone Developer";
				COPY_PHASE_STRIP = NO;
				DEBUG_INFORMATION_FORMAT = dwarf;
				ENABLE_STRICT_OBJC_MSGSEND = YES;
				ENABLE_TESTABILITY = YES;
				GCC_C_LANGUAGE_STANDARD = gnu11;
				GCC_DYNAMIC_NO_PIC = NO;
				GCC_NO_COMMON_BLOCKS = YES;
				GCC_OPTIMIZATION_LEVEL = 0;
				GCC_PREPROCESSOR_DEFINITIONS = (
					"DEBUG=1",
					"$(inherited)",
				);
				GCC_WARN_64_TO_32_BIT_CONVERSION = YES;
				GCC_WARN_ABOUT_RETURN_TYPE = YES_ERROR;
				GCC_WARN_UNDECLARED_SELECTOR = YES;
				GCC_WARN_UNINITIALIZED_AUTOS = YES_AGGRESSIVE;
				GCC_WARN_UNUSED_FUNCTION = YES;
				GCC_WARN_UNUSED_VARIABLE = YES;
				IPHONEOS_DEPLOYMENT_TARGET = 12.4;
				MTL_ENABLE_DEBUG_INFO = INCLUDE_SOURCE;
				MTL_FAST_MATH = YES;
				ONLY_ACTIVE_ARCH = YES;
				SDKROOT = iphoneos;
				SWIFT_ACTIVE_COMPILATION_CONDITIONS = DEBUG;
				SWIFT_OPTIMIZATION_LEVEL = "-Onone";
			};
			name = Debug;
		};
		0CC9501E23176EB5002E3D01 /* Release */ = {
			isa = XCBuildConfiguration;
			buildSettings = {
				ALWAYS_SEARCH_USER_PATHS = NO;
				CLANG_ANALYZER_LOCALIZABILITY_NONLOCALIZED = YES;
				CLANG_ANALYZER_NONNULL = YES;
				CLANG_ANALYZER_NUMBER_OBJECT_CONVERSION = YES_AGGRESSIVE;
				CLANG_CXX_LANGUAGE_STANDARD = "gnu++14";
				CLANG_CXX_LIBRARY = "libc++";
				CLANG_ENABLE_MODULES = YES;
				CLANG_ENABLE_OBJC_ARC = YES;
				CLANG_ENABLE_OBJC_WEAK = YES;
				CLANG_WARN_BLOCK_CAPTURE_AUTORELEASING = YES;
				CLANG_WARN_BOOL_CONVERSION = YES;
				CLANG_WARN_COMMA = YES;
				CLANG_WARN_CONSTANT_CONVERSION = YES;
				CLANG_WARN_DEPRECATED_OBJC_IMPLEMENTATIONS = YES;
				CLANG_WARN_DIRECT_OBJC_ISA_USAGE = YES_ERROR;
				CLANG_WARN_DOCUMENTATION_COMMENTS = YES;
				CLANG_WARN_EMPTY_BODY = YES;
				CLANG_WARN_ENUM_CONVERSION = YES;
				CLANG_WARN_INFINITE_RECURSION = YES;
				CLANG_WARN_INT_CONVERSION = YES;
				CLANG_WARN_NON_LITERAL_NULL_CONVERSION = YES;
				CLANG_WARN_OBJC_IMPLICIT_RETAIN_SELF = YES;
				CLANG_WARN_OBJC_LITERAL_CONVERSION = YES;
				CLANG_WARN_OBJC_ROOT_CLASS = YES_ERROR;
				CLANG_WARN_QUOTED_INCLUDE_IN_FRAMEWORK_HEADER = YES;
				CLANG_WARN_RANGE_LOOP_ANALYSIS = YES;
				CLANG_WARN_STRICT_PROTOTYPES = YES;
				CLANG_WARN_SUSPICIOUS_MOVE = YES;
				CLANG_WARN_UNGUARDED_AVAILABILITY = YES_AGGRESSIVE;
				CLANG_WARN_UNREACHABLE_CODE = YES;
				CLANG_WARN__DUPLICATE_METHOD_MATCH = YES;
				CODE_SIGN_IDENTITY = "iPhone Developer";
				COPY_PHASE_STRIP = NO;
				DEBUG_INFORMATION_FORMAT = "dwarf-with-dsym";
				ENABLE_NS_ASSERTIONS = NO;
				ENABLE_STRICT_OBJC_MSGSEND = YES;
				GCC_C_LANGUAGE_STANDARD = gnu11;
				GCC_NO_COMMON_BLOCKS = YES;
				GCC_WARN_64_TO_32_BIT_CONVERSION = YES;
				GCC_WARN_ABOUT_RETURN_TYPE = YES_ERROR;
				GCC_WARN_UNDECLARED_SELECTOR = YES;
				GCC_WARN_UNINITIALIZED_AUTOS = YES_AGGRESSIVE;
				GCC_WARN_UNUSED_FUNCTION = YES;
				GCC_WARN_UNUSED_VARIABLE = YES;
				IPHONEOS_DEPLOYMENT_TARGET = 12.4;
				MTL_ENABLE_DEBUG_INFO = NO;
				MTL_FAST_MATH = YES;
				SDKROOT = iphoneos;
				SWIFT_COMPILATION_MODE = wholemodule;
				SWIFT_OPTIMIZATION_LEVEL = "-O";
				VALIDATE_PRODUCT = YES;
			};
			name = Release;
		};
		0CC9502023176EB5002E3D01 /* Debug */ = {
			isa = XCBuildConfiguration;
			baseConfigurationReference = 57790F7F772B5AEEB2A0418D /* Pods-calculator.debug.xcconfig */;
			buildSettings = {
				ASSETCATALOG_COMPILER_APPICON_NAME = AppIcon;
				CODE_SIGN_IDENTITY = "iPhone Developer";
				CODE_SIGN_STYLE = Automatic;
				CURRENT_PROJECT_VERSION = 1.1.3;
				DEVELOPMENT_TEAM = 9563Z796ZF;
				INFOPLIST_FILE = calculator/Info.plist;
				LD_RUNPATH_SEARCH_PATHS = (
					"$(inherited)",
					"@executable_path/Frameworks",
				);
				MARKETING_VERSION = 1.1.0;
				PRODUCT_BUNDLE_IDENTIFIER = com.megadachi.calculator;
				PRODUCT_NAME = "$(TARGET_NAME)";
				PROVISIONING_PROFILE_SPECIFIER = "";
				SWIFT_VERSION = 5.0;
				TARGETED_DEVICE_FAMILY = "1,2";
			};
			name = Debug;
		};
		0CC9502123176EB5002E3D01 /* Release */ = {
			isa = XCBuildConfiguration;
			baseConfigurationReference = 03439A099757E567A01B4788 /* Pods-calculator.release.xcconfig */;
			buildSettings = {
				ASSETCATALOG_COMPILER_APPICON_NAME = AppIcon;
				CODE_SIGN_IDENTITY = "iPhone Developer";
				CODE_SIGN_STYLE = Automatic;
				CURRENT_PROJECT_VERSION = 1.1.3;
				DEVELOPMENT_TEAM = 9563Z796ZF;
				INFOPLIST_FILE = calculator/Info.plist;
				LD_RUNPATH_SEARCH_PATHS = (
					"$(inherited)",
					"@executable_path/Frameworks",
				);
				MARKETING_VERSION = 1.1.0;
				PRODUCT_BUNDLE_IDENTIFIER = com.megadachi.calculator;
				PRODUCT_NAME = "$(TARGET_NAME)";
				PROVISIONING_PROFILE_SPECIFIER = "";
				SWIFT_VERSION = 5.0;
				TARGETED_DEVICE_FAMILY = "1,2";
			};
			name = Release;
		};
/* End XCBuildConfiguration section */

/* Begin XCConfigurationList section */
		0CC9500623176EB4002E3D01 /* Build configuration list for PBXProject "Calculator" */ = {
			isa = XCConfigurationList;
			buildConfigurations = (
				0CC9501D23176EB5002E3D01 /* Debug */,
				0CC9501E23176EB5002E3D01 /* Release */,
			);
			defaultConfigurationIsVisible = 0;
			defaultConfigurationName = Release;
		};
		0CC9501F23176EB5002E3D01 /* Build configuration list for PBXNativeTarget "calculator" */ = {
			isa = XCConfigurationList;
			buildConfigurations = (
				0CC9502023176EB5002E3D01 /* Debug */,
				0CC9502123176EB5002E3D01 /* Release */,
			);
			defaultConfigurationIsVisible = 0;
			defaultConfigurationName = Release;
		};
/* End XCConfigurationList section */
	};
	rootObject = 0CC9500323176EB4002E3D01 /* Project object */;
}
